
Microsoft Visual Studio Solution File, Format Version 12.00
# Visual Studio 2013
VisualStudioVersion = 12.0.31101.0
MinimumVisualStudioVersion = 10.0.40219.1
Project("{FAE04EC0-301F-11D3-BF4B-00C04F79EFBC}") = "GOBD", "GOBD\GOBD.csproj", "{E7409A1B-8795-4792-A329-426BAE04BAD2}"
EndProject
Project("{FAE04EC0-301F-11D3-BF4B-00C04F79EFBC}") = "GOBD.DATA", "GOBD.DATA\GOBD.DATA.csproj", "{A80839F0-EC86-491C-B770-3EFFE92EE62C}"
EndProject
Project("{FAE04EC0-301F-11D3-BF4B-00C04F79EFBC}") = "GOBD.MODEL", "GOBD.MODEL\GOBD.MODEL.csproj", "{F2EBF329-7BFA-4D75-B2E5-0724730AF069}"
EndProject
Global
	GlobalSection(SolutionConfigurationPlatforms) = preSolution
		Debug|Any CPU = Debug|Any CPU
		Release|Any CPU = Release|Any CPU
	EndGlobalSection
	GlobalSection(ProjectConfigurationPlatforms) = postSolution
		{E7409A1B-8795-4792-A329-426BAE04BAD2}.Debug|Any CPU.ActiveCfg = Debug|Any CPU
		{E7409A1B-8795-4792-A329-426BAE04BAD2}.Debug|Any CPU.Build.0 = Debug|Any CPU
		{E7409A1B-8795-4792-A329-426BAE04BAD2}.Release|Any CPU.ActiveCfg = Release|Any CPU
		{E7409A1B-8795-4792-A329-426BAE04BAD2}.Release|Any CPU.Build.0 = Release|Any CPU
		{A80839F0-EC86-491C-B770-3EFFE92EE62C}.Debug|Any CPU.ActiveCfg = Debug|Any CPU
		{A80839F0-EC86-491C-B770-3EFFE92EE62C}.Debug|Any CPU.Build.0 = Debug|Any CPU
		{A80839F0-EC86-491C-B770-3EFFE92EE62C}.Release|Any CPU.ActiveCfg = Release|Any CPU
		{A80839F0-EC86-491C-B770-3EFFE92EE62C}.Release|Any CPU.Build.0 = Release|Any CPU
		{F2EBF329-7BFA-4D75-B2E5-0724730AF069}.Debug|Any CPU.ActiveCfg = Debug|Any CPU
		{F2EBF329-7BFA-4D75-B2E5-0724730AF069}.Debug|Any CPU.Build.0 = Debug|Any CPU
		{F2EBF329-7BFA-4D75-B2E5-0724730AF069}.Release|Any CPU.ActiveCfg = Release|Any CPU
		{F2EBF329-7BFA-4D75-B2E5-0724730AF069}.Release|Any CPU.Build.0 = Release|Any CPU
	EndGlobalSection
	GlobalSection(SolutionProperties) = preSolution
		HideSolutionNode = FALSE
	EndGlobalSection
EndGlobal
